
Microsoft Visual Studio Solution File, Format Version 12.00
# Visual Studio 15
VisualStudioVersion = 15.0.28307.705
MinimumVisualStudioVersion = 10.0.40219.1
Project("{F184B08F-C81C-45F6-A57F-5ABD9991F28F}") = "Efectivos", "Efectivos\Efectivos.vbproj", "{DC3A0DA2-F76F-47A6-8535-9EEFEC7AFC58}"
EndProject
Global
	GlobalSection(SolutionConfigurationPlatforms) = preSolution
		Debug|Any CPU = Debug|Any CPU
		Release|Any CPU = Release|Any CPU
	EndGlobalSection
	GlobalSection(ProjectConfigurationPlatforms) = postSolution
		{DC3A0DA2-F76F-47A6-8535-9EEFEC7AFC58}.Debug|Any CPU.ActiveCfg = Debug|Any CPU
		{DC3A0DA2-F76F-47A6-8535-9EEFEC7AFC58}.Debug|Any CPU.Build.0 = Debug|Any CPU
		{DC3A0DA2-F76F-47A6-8535-9EEFEC7AFC58}.Release|Any CPU.ActiveCfg = Release|Any CPU
		{DC3A0DA2-F76F-47A6-8535-9EEFEC7AFC58}.Release|Any CPU.Build.0 = Release|Any CPU
	EndGlobalSection
	GlobalSection(SolutionProperties) = preSolution
		HideSolutionNode = FALSE
	EndGlobalSection
	GlobalSection(ExtensibilityGlobals) = postSolution
		SolutionGuid = {C449C2AA-61E5-4007-A506-CABEA338A28F}
	EndGlobalSection
EndGlobal
